{
    "default": {
        "crayons": "==0.1.1",
        "colorama": "==0.3.7",
        "delegator.py": "==0.0.3",
        "pexpect": "==4.2.1",
        "toml": "==0.9.2",
        "click": "==6.7",
        "ptyprocess": "==0.5.1"
    },
    "develop": {
        "py": "==1.4.32",
        "pytest": "==3.0.5"
    },
    "_meta": {
        "sources": [
            {
                "url": "https://pypi.org/",
                "verify_ssl": true
            }
        ],
        "requires": {},
        "Pipfile-sha256": "3011daf40392ea76a014f0d84ca7f89f6c612dfbb73a2d016200790b1a37461e"
    }
}